
Microsoft Visual Studio Solution File, Format Version 12.00
# Visual Studio Version 17
VisualStudioVersion = 17.0.31903.59
MinimumVisualStudioVersion = 10.0.40219.1
Project("{2150E333-8FDC-42A3-9474-1A3956D46DE8}") = "src", "src", "{827E0CD3-B72D-47B6-A68D-7590B98EB39B}"
EndProject
Project("{FAE04EC0-301F-11D3-BF4B-00C04F79EFBC}") = "BackendTechnicalTest.Api", "src\BackendTechnicalTest.Api\BackendTechnicalTest.Api.csproj", "{F050F72F-A28B-40FB-A686-1718DBF75559}"
EndProject
Project("{FAE04EC0-301F-11D3-BF4B-00C04F79EFBC}") = "BackendTechnicalTest.Application", "src\BackendTechnicalTest.Application\BackendTechnicalTest.Application.csproj", "{9834E7F6-9561-4A3A-8288-3F05F786CBEA}"
EndProject
Project("{FAE04EC0-301F-11D3-BF4B-00C04F79EFBC}") = "BackendTechnicalTest.Domain", "src\BackendTechnicalTest.Domain\BackendTechnicalTest.Domain.csproj", "{7B4E1CAA-347A-4199-8B52-AF1EF2F1A354}"
EndProject
Project("{FAE04EC0-301F-11D3-BF4B-00C04F79EFBC}") = "BackendTechnicalTest.Infrastructure", "src\BackendTechnicalTest.Infrastructure\BackendTechnicalTest.Infrastructure.csproj", "{9AF8CA0B-D5F8-4826-8DE0-F1B78F4DA3F0}"
EndProject
Project("{2150E333-8FDC-42A3-9474-1A3956D46DE8}") = "tests", "tests", "{0AB3BF05-4346-4AA6-1389-037BE0695223}"
EndProject
Project("{FAE04EC0-301F-11D3-BF4B-00C04F79EFBC}") = "BackendTechnicalTest.UnitTests", "tests\BackendTechnicalTest.UnitTests\BackendTechnicalTest.UnitTests.csproj", "{B9517126-5A0A-4C46-AE4B-222310D80536}"
EndProject
Project("{FAE04EC0-301F-11D3-BF4B-00C04F79EFBC}") = "BackendTechnicalTest.IntegrationTests", "tests\BackendTechnicalTest.IntegrationTests\BackendTechnicalTest.IntegrationTests.csproj", "{E1A4B06D-FE91-44A4-8C81-74138542B3BD}"
EndProject
Global
	GlobalSection(SolutionConfigurationPlatforms) = preSolution
		Debug|Any CPU = Debug|Any CPU
		Debug|x64 = Debug|x64
		Debug|x86 = Debug|x86
		Release|Any CPU = Release|Any CPU
		Release|x64 = Release|x64
		Release|x86 = Release|x86
	EndGlobalSection
	GlobalSection(ProjectConfigurationPlatforms) = postSolution
		{F050F72F-A28B-40FB-A686-1718DBF75559}.Debug|Any CPU.ActiveCfg = Debug|Any CPU
		{F050F72F-A28B-40FB-A686-1718DBF75559}.Debug|Any CPU.Build.0 = Debug|Any CPU
		{F050F72F-A28B-40FB-A686-1718DBF75559}.Debug|x64.ActiveCfg = Debug|Any CPU
		{F050F72F-A28B-40FB-A686-1718DBF75559}.Debug|x64.Build.0 = Debug|Any CPU
		{F050F72F-A28B-40FB-A686-1718DBF75559}.Debug|x86.ActiveCfg = Debug|Any CPU
		{F050F72F-A28B-40FB-A686-1718DBF75559}.Debug|x86.Build.0 = Debug|Any CPU
		{F050F72F-A28B-40FB-A686-1718DBF75559}.Release|Any CPU.ActiveCfg = Release|Any CPU
		{F050F72F-A28B-40FB-A686-1718DBF75559}.Release|Any CPU.Build.0 = Release|Any CPU
		{F050F72F-A28B-40FB-A686-1718DBF75559}.Release|x64.ActiveCfg = Release|Any CPU
		{F050F72F-A28B-40FB-A686-1718DBF75559}.Release|x64.Build.0 = Release|Any CPU
		{F050F72F-A28B-40FB-A686-1718DBF75559}.Release|x86.ActiveCfg = Release|Any CPU
		{F050F72F-A28B-40FB-A686-1718DBF75559}.Release|x86.Build.0 = Release|Any CPU
		{9834E7F6-9561-4A3A-8288-3F05F786CBEA}.Debug|Any CPU.ActiveCfg = Debug|Any CPU
		{9834E7F6-9561-4A3A-8288-3F05F786CBEA}.Debug|Any CPU.Build.0 = Debug|Any CPU
		{9834E7F6-9561-4A3A-8288-3F05F786CBEA}.Debug|x64.ActiveCfg = Debug|Any CPU
		{9834E7F6-9561-4A3A-8288-3F05F786CBEA}.Debug|x64.Build.0 = Debug|Any CPU
		{9834E7F6-9561-4A3A-8288-3F05F786CBEA}.Debug|x86.ActiveCfg = Debug|Any CPU
		{9834E7F6-9561-4A3A-8288-3F05F786CBEA}.Debug|x86.Build.0 = Debug|Any CPU
		{9834E7F6-9561-4A3A-8288-3F05F786CBEA}.Release|Any CPU.ActiveCfg = Release|Any CPU
		{9834E7F6-9561-4A3A-8288-3F05F786CBEA}.Release|Any CPU.Build.0 = Release|Any CPU
		{9834E7F6-9561-4A3A-8288-3F05F786CBEA}.Release|x64.ActiveCfg = Release|Any CPU
		{9834E7F6-9561-4A3A-8288-3F05F786CBEA}.Release|x64.Build.0 = Release|Any CPU
		{9834E7F6-9561-4A3A-8288-3F05F786CBEA}.Release|x86.ActiveCfg = Release|Any CPU
		{9834E7F6-9561-4A3A-8288-3F05F786CBEA}.Release|x86.Build.0 = Release|Any CPU
		{7B4E1CAA-347A-4199-8B52-AF1EF2F1A354}.Debug|Any CPU.ActiveCfg = Debug|Any CPU
		{7B4E1CAA-347A-4199-8B52-AF1EF2F1A354}.Debug|Any CPU.Build.0 = Debug|Any CPU
		{7B4E1CAA-347A-4199-8B52-AF1EF2F1A354}.Debug|x64.ActiveCfg = Debug|Any CPU
		{7B4E1CAA-347A-4199-8B52-AF1EF2F1A354}.Debug|x64.Build.0 = Debug|Any CPU
		{7B4E1CAA-347A-4199-8B52-AF1EF2F1A354}.Debug|x86.ActiveCfg = Debug|Any CPU
		{7B4E1CAA-347A-4199-8B52-AF1EF2F1A354}.Debug|x86.Build.0 = Debug|Any CPU
		{7B4E1CAA-347A-4199-8B52-AF1EF2F1A354}.Release|Any CPU.ActiveCfg = Release|Any CPU
		{7B4E1CAA-347A-4199-8B52-AF1EF2F1A354}.Release|Any CPU.Build.0 = Release|Any CPU
		{7B4E1CAA-347A-4199-8B52-AF1EF2F1A354}.Release|x64.ActiveCfg = Release|Any CPU
		{7B4E1CAA-347A-4199-8B52-AF1EF2F1A354}.Release|x64.Build.0 = Release|Any CPU
		{7B4E1CAA-347A-4199-8B52-AF1EF2F1A354}.Release|x86.ActiveCfg = Release|Any CPU
		{7B4E1CAA-347A-4199-8B52-AF1EF2F1A354}.Release|x86.Build.0 = Release|Any CPU
		{9AF8CA0B-D5F8-4826-8DE0-F1B78F4DA3F0}.Debug|Any CPU.ActiveCfg = Debug|Any CPU
		{9AF8CA0B-D5F8-4826-8DE0-F1B78F4DA3F0}.Debug|Any CPU.Build.0 = Debug|Any CPU
		{9AF8CA0B-D5F8-4826-8DE0-F1B78F4DA3F0}.Debug|x64.ActiveCfg = Debug|Any CPU
		{9AF8CA0B-D5F8-4826-8DE0-F1B78F4DA3F0}.Debug|x64.Build.0 = Debug|Any CPU
		{9AF8CA0B-D5F8-4826-8DE0-F1B78F4DA3F0}.Debug|x86.ActiveCfg = Debug|Any CPU
		{9AF8CA0B-D5F8-4826-8DE0-F1B78F4DA3F0}.Debug|x86.Build.0 = Debug|Any CPU
		{9AF8CA0B-D5F8-4826-8DE0-F1B78F4DA3F0}.Release|Any CPU.ActiveCfg = Release|Any CPU
		{9AF8CA0B-D5F8-4826-8DE0-F1B78F4DA3F0}.Release|Any CPU.Build.0 = Release|Any CPU
		{9AF8CA0B-D5F8-4826-8DE0-F1B78F4DA3F0}.Release|x64.ActiveCfg = Release|Any CPU
		{9AF8CA0B-D5F8-4826-8DE0-F1B78F4DA3F0}.Release|x64.Build.0 = Release|Any CPU
		{9AF8CA0B-D5F8-4826-8DE0-F1B78F4DA3F0}.Release|x86.ActiveCfg = Release|Any CPU
		{9AF8CA0B-D5F8-4826-8DE0-F1B78F4DA3F0}.Release|x86.Build.0 = Release|Any CPU
		{B9517126-5A0A-4C46-AE4B-222310D80536}.Debug|Any CPU.ActiveCfg = Debug|Any CPU
		{B9517126-5A0A-4C46-AE4B-222310D80536}.Debug|Any CPU.Build.0 = Debug|Any CPU
		{B9517126-5A0A-4C46-AE4B-222310D80536}.Debug|x64.ActiveCfg = Debug|Any CPU
		{B9517126-5A0A-4C46-AE4B-222310D80536}.Debug|x64.Build.0 = Debug|Any CPU
		{B9517126-5A0A-4C46-AE4B-222310D80536}.Debug|x86.ActiveCfg = Debug|Any CPU
		{B9517126-5A0A-4C46-AE4B-222310D80536}.Debug|x86.Build.0 = Debug|Any CPU
		{B9517126-5A0A-4C46-AE4B-222310D80536}.Release|Any CPU.ActiveCfg = Release|Any CPU
		{B9517126-5A0A-4C46-AE4B-222310D80536}.Release|Any CPU.Build.0 = Release|Any CPU
		{B9517126-5A0A-4C46-AE4B-222310D80536}.Release|x64.ActiveCfg = Release|Any CPU
		{B9517126-5A0A-4C46-AE4B-222310D80536}.Release|x64.Build.0 = Release|Any CPU
		{B9517126-5A0A-4C46-AE4B-222310D80536}.Release|x86.ActiveCfg = Release|Any CPU
		{B9517126-5A0A-4C46-AE4B-222310D80536}.Release|x86.Build.0 = Release|Any CPU
		{E1A4B06D-FE91-44A4-8C81-74138542B3BD}.Debug|Any CPU.ActiveCfg = Debug|Any CPU
		{E1A4B06D-FE91-44A4-8C81-74138542B3BD}.Debug|Any CPU.Build.0 = Debug|Any CPU
		{E1A4B06D-FE91-44A4-8C81-74138542B3BD}.Debug|x64.ActiveCfg = Debug|Any CPU
		{E1A4B06D-FE91-44A4-8C81-74138542B3BD}.Debug|x64.Build.0 = Debug|Any CPU
		{E1A4B06D-FE91-44A4-8C81-74138542B3BD}.Debug|x86.ActiveCfg = Debug|Any CPU
		{E1A4B06D-FE91-44A4-8C81-74138542B3BD}.Debug|x86.Build.0 = Debug|Any CPU
		{E1A4B06D-FE91-44A4-8C81-74138542B3BD}.Release|Any CPU.ActiveCfg = Release|Any CPU
		{E1A4B06D-FE91-44A4-8C81-74138542B3BD}.Release|Any CPU.Build.0 = Release|Any CPU
		{E1A4B06D-FE91-44A4-8C81-74138542B3BD}.Release|x64.ActiveCfg = Release|Any CPU
		{E1A4B06D-FE91-44A4-8C81-74138542B3BD}.Release|x64.Build.0 = Release|Any CPU
		{E1A4B06D-FE91-44A4-8C81-74138542B3BD}.Release|x86.ActiveCfg = Release|Any CPU
		{E1A4B06D-FE91-44A4-8C81-74138542B3BD}.Release|x86.Build.0 = Release|Any CPU
	EndGlobalSection
	GlobalSection(SolutionProperties) = preSolution
		HideSolutionNode = FALSE
	EndGlobalSection
	GlobalSection(NestedProjects) = preSolution
		{F050F72F-A28B-40FB-A686-1718DBF75559} = {827E0CD3-B72D-47B6-A68D-7590B98EB39B}
		{9834E7F6-9561-4A3A-8288-3F05F786CBEA} = {827E0CD3-B72D-47B6-A68D-7590B98EB39B}
		{7B4E1CAA-347A-4199-8B52-AF1EF2F1A354} = {827E0CD3-B72D-47B6-A68D-7590B98EB39B}
		{9AF8CA0B-D5F8-4826-8DE0-F1B78F4DA3F0} = {827E0CD3-B72D-47B6-A68D-7590B98EB39B}
		{B9517126-5A0A-4C46-AE4B-222310D80536} = {0AB3BF05-4346-4AA6-1389-037BE0695223}
		{E1A4B06D-FE91-44A4-8C81-74138542B3BD} = {0AB3BF05-4346-4AA6-1389-037BE0695223}
	EndGlobalSection
EndGlobal
